
Microsoft Visual Studio Solution File, Format Version 12.00
# Visual Studio 15
VisualStudioVersion = 15.0.33403.129
MinimumVisualStudioVersion = 10.0.40219.1
Project("{FAE04EC0-301F-11D3-BF4B-00C04F79EFBC}") = "LessonXrisT", "LessonXrisT\LessonXrisT.csproj", "{B94332BB-6574-48B0-91AF-ED441454E49C}"
EndProject
Global
	GlobalSection(SolutionConfigurationPlatforms) = preSolution
		Debug|Any CPU = Debug|Any CPU
		Release|Any CPU = Release|Any CPU
	EndGlobalSection
	GlobalSection(ProjectConfigurationPlatforms) = postSolution
		{B94332BB-6574-48B0-91AF-ED441454E49C}.Debug|Any CPU.ActiveCfg = Debug|Any CPU
		{B94332BB-6574-48B0-91AF-ED441454E49C}.Debug|Any CPU.Build.0 = Debug|Any CPU
		{B94332BB-6574-48B0-91AF-ED441454E49C}.Release|Any CPU.ActiveCfg = Release|Any CPU
		{B94332BB-6574-48B0-91AF-ED441454E49C}.Release|Any CPU.Build.0 = Release|Any CPU
	EndGlobalSection
	GlobalSection(SolutionProperties) = preSolution
		HideSolutionNode = FALSE
	EndGlobalSection
	GlobalSection(ExtensibilityGlobals) = postSolution
		SolutionGuid = {24D3E6E5-A934-4B24-BB9A-DF5E0E30F219}
	EndGlobalSection
EndGlobal
